
Microsoft Visual Studio Solution File, Format Version 12.00
# Visual Studio Version 16
VisualStudioVersion = 16.0.31613.86
MinimumVisualStudioVersion = 10.0.40219.1
Project("{2150E333-8FDC-42A3-9474-1A3956D46DE8}") = "Application", "Application", "{5BA260DB-8C6E-4ED4-AF54-60CD75D9D138}"
EndProject
Project("{2150E333-8FDC-42A3-9474-1A3956D46DE8}") = "Domain", "Domain", "{2BABF211-ACBA-4468-9221-31F645DA2C82}"
EndProject
Project("{2150E333-8FDC-42A3-9474-1A3956D46DE8}") = "Infra.IoC", "Infra.IoC", "{1AA3C0D1-E09E-4DFD-AF0D-77F181FC98B1}"
EndProject
Project("{2150E333-8FDC-42A3-9474-1A3956D46DE8}") = "Infra.Data", "Infra.Data", "{9E7A2BC2-F85D-4D2F-8D1B-A57E3DDC18A3}"
EndProject
Project("{2150E333-8FDC-42A3-9474-1A3956D46DE8}") = "Presentation", "Presentation", "{1BDFDBA9-527A-4854-BF6E-C0F2EAE6F399}"
EndProject
Project("{9A19103F-16F7-4668-BE54-9A1E7A4F7556}") = "CleanArch.Mvc", "CleanArch.Mvc\CleanArch.Mvc.csproj", "{9AA53A4E-A17C-49BB-ABB5-BC14A78DFDFF}"
EndProject
Project("{FAE04EC0-301F-11D3-BF4B-00C04F79EFBC}") = "CleanArch.Domain", "CleanArch.Domain\CleanArch.Domain.csproj", "{D34E9B84-F191-4F02-8809-202F09AE78C4}"
EndProject
Project("{FAE04EC0-301F-11D3-BF4B-00C04F79EFBC}") = "CleanArch.Infra.Data", "CleanArch.Infra.Data\CleanArch.Infra.Data.csproj", "{A25F948A-7181-4BAE-9707-D4B610A2A29C}"
EndProject
Global
	GlobalSection(SolutionConfigurationPlatforms) = preSolution
		Debug|Any CPU = Debug|Any CPU
		Release|Any CPU = Release|Any CPU
	EndGlobalSection
	GlobalSection(ProjectConfigurationPlatforms) = postSolution
		{9AA53A4E-A17C-49BB-ABB5-BC14A78DFDFF}.Debug|Any CPU.ActiveCfg = Debug|Any CPU
		{9AA53A4E-A17C-49BB-ABB5-BC14A78DFDFF}.Debug|Any CPU.Build.0 = Debug|Any CPU
		{9AA53A4E-A17C-49BB-ABB5-BC14A78DFDFF}.Release|Any CPU.ActiveCfg = Release|Any CPU
		{9AA53A4E-A17C-49BB-ABB5-BC14A78DFDFF}.Release|Any CPU.Build.0 = Release|Any CPU
		{D34E9B84-F191-4F02-8809-202F09AE78C4}.Debug|Any CPU.ActiveCfg = Debug|Any CPU
		{D34E9B84-F191-4F02-8809-202F09AE78C4}.Debug|Any CPU.Build.0 = Debug|Any CPU
		{D34E9B84-F191-4F02-8809-202F09AE78C4}.Release|Any CPU.ActiveCfg = Release|Any CPU
		{D34E9B84-F191-4F02-8809-202F09AE78C4}.Release|Any CPU.Build.0 = Release|Any CPU
		{A25F948A-7181-4BAE-9707-D4B610A2A29C}.Debug|Any CPU.ActiveCfg = Debug|Any CPU
		{A25F948A-7181-4BAE-9707-D4B610A2A29C}.Debug|Any CPU.Build.0 = Debug|Any CPU
		{A25F948A-7181-4BAE-9707-D4B610A2A29C}.Release|Any CPU.ActiveCfg = Release|Any CPU
		{A25F948A-7181-4BAE-9707-D4B610A2A29C}.Release|Any CPU.Build.0 = Release|Any CPU
	EndGlobalSection
	GlobalSection(SolutionProperties) = preSolution
		HideSolutionNode = FALSE
	EndGlobalSection
	GlobalSection(NestedProjects) = preSolution
		{9AA53A4E-A17C-49BB-ABB5-BC14A78DFDFF} = {1BDFDBA9-527A-4854-BF6E-C0F2EAE6F399}
		{D34E9B84-F191-4F02-8809-202F09AE78C4} = {2BABF211-ACBA-4468-9221-31F645DA2C82}
		{A25F948A-7181-4BAE-9707-D4B610A2A29C} = {9E7A2BC2-F85D-4D2F-8D1B-A57E3DDC18A3}
	EndGlobalSection
	GlobalSection(ExtensibilityGlobals) = postSolution
		SolutionGuid = {77FFCEA9-2525-48E5-BC90-686D092960AB}
	EndGlobalSection
EndGlobal
